
Microsoft Visual Studio Solution File, Format Version 12.00
# Visual Studio Version 17
VisualStudioVersion = 17.3.32804.467
MinimumVisualStudioVersion = 10.0.40219.1
Project("{FAE04EC0-301F-11D3-BF4B-00C04F79EFBC}") = "AVRO CONSTRUKTİON MMC", "AVRO CONSTRUKTİON MMC\AVRO CONSTRUKTİON MMC.csproj", "{837B62CB-1D3D-49F8-9714-C3BAC69DAB75}"
EndProject
Global
	GlobalSection(SolutionConfigurationPlatforms) = preSolution
		Debug|Any CPU = Debug|Any CPU
		Release|Any CPU = Release|Any CPU
	EndGlobalSection
	GlobalSection(ProjectConfigurationPlatforms) = postSolution
		{837B62CB-1D3D-49F8-9714-C3BAC69DAB75}.Debug|Any CPU.ActiveCfg = Debug|Any CPU
		{837B62CB-1D3D-49F8-9714-C3BAC69DAB75}.Debug|Any CPU.Build.0 = Debug|Any CPU
		{837B62CB-1D3D-49F8-9714-C3BAC69DAB75}.Release|Any CPU.ActiveCfg = Release|Any CPU
		{837B62CB-1D3D-49F8-9714-C3BAC69DAB75}.Release|Any CPU.Build.0 = Release|Any CPU
	EndGlobalSection
	GlobalSection(SolutionProperties) = preSolution
		HideSolutionNode = FALSE
	EndGlobalSection
	GlobalSection(ExtensibilityGlobals) = postSolution
		SolutionGuid = {B4BF7D83-80A4-4B58-BEC8-945BC26EB7B4}
	EndGlobalSection
EndGlobal
